// !$*UTF8*$!
{
	archiveVersion = 1;
	classes = {
	};
	objectVersion = 46;
	objects = {

/* Begin PBXBuildFile section */
		8C1E9C111C9761D800DCD6E7 /* AppDelegate.swift in Sources */ = {isa = PBXBuildFile; fileRef = 8C1E9C101C9761D800DCD6E7 /* AppDelegate.swift */; };
		8C1E9C181C9761D800DCD6E7 /* Images.xcassets in Resources */ = {isa = PBXBuildFile; fileRef = 8C1E9C171C9761D800DCD6E7 /* Images.xcassets */; };
		8C1E9C1B1C9761D800DCD6E7 /* LaunchScreen.xib in Resources */ = {isa = PBXBuildFile; fileRef = 8C1E9C191C9761D800DCD6E7 /* LaunchScreen.xib */; };
		8C1E9C271C9761D800DCD6E7 /* smokEndTests.swift in Sources */ = {isa = PBXBuildFile; fileRef = 8C1E9C261C9761D800DCD6E7 /* smokEndTests.swift */; };
		8C1E9C311C9777AD00DCD6E7 /* Main_iPhoneV2.storyboard in Resources */ = {isa = PBXBuildFile; fileRef = 8C1E9C301C9777AD00DCD6E7 /* Main_iPhoneV2.storyboard */; };
		8C26A6D11CA6DEF300CF120F /* AnalyticsViewController.swift in Sources */ = {isa = PBXBuildFile; fileRef = 8C26A6D01CA6DEF300CF120F /* AnalyticsViewController.swift */; };
		8C26A6D31CA6F65800CF120F /* PreferencesViewController.swift in Sources */ = {isa = PBXBuildFile; fileRef = 8C26A6D21CA6F65800CF120F /* PreferencesViewController.swift */; };
		8CB910CD1CEB8BF9008E0557 /* SmokeEndModel.xcdatamodeld in Sources */ = {isa = PBXBuildFile; fileRef = 8CB910CB1CEB8BF9008E0557 /* SmokeEndModel.xcdatamodeld */; };
		8CB910EA1CEB987E008E0557 /* DatosBD+CoreDataProperties.swift in Sources */ = {isa = PBXBuildFile; fileRef = 8CB910E81CEB987E008E0557 /* DatosBD+CoreDataProperties.swift */; };
		8CB910EB1CEB987E008E0557 /* DatosBD.swift in Sources */ = {isa = PBXBuildFile; fileRef = 8CB910E91CEB987E008E0557 /* DatosBD.swift */; };
/* End PBXBuildFile section */

/* Begin PBXContainerItemProxy section */
		8C1E9C211C9761D800DCD6E7 /* PBXContainerItemProxy */ = {
			isa = PBXContainerItemProxy;
			containerPortal = 8C1E9C031C9761D800DCD6E7 /* Project object */;
			proxyType = 1;
			remoteGlobalIDString = 8C1E9C0A1C9761D800DCD6E7;
			remoteInfo = smokEnd;
		};
/* End PBXContainerItemProxy section */

/* Begin PBXFileReference section */
		8C1E9C0B1C9761D800DCD6E7 /* smokEnd.app */ = {isa = PBXFileReference; explicitFileType = wrapper.application; includeInIndex = 0; path = smokEnd.app; sourceTree = BUILT_PRODUCTS_DIR; };
		8C1E9C0F1C9761D800DCD6E7 /* Info.plist */ = {isa = PBXFileReference; lastKnownFileType = text.plist.xml; path = Info.plist; sourceTree = "<group>"; };
		8C1E9C101C9761D800DCD6E7 /* AppDelegate.swift */ = {isa = PBXFileReference; lastKnownFileType = sourcecode.swift; path = AppDelegate.swift; sourceTree = "<group>"; };
		8C1E9C171C9761D800DCD6E7 /* Images.xcassets */ = {isa = PBXFileReference; lastKnownFileType = folder.assetcatalog; path = Images.xcassets; sourceTree = "<group>"; };
		8C1E9C1A1C9761D800DCD6E7 /* Base */ = {isa = PBXFileReference; lastKnownFileType = file.xib; name = Base; path = Base.lproj/LaunchScreen.xib; sourceTree = "<group>"; };
		8C1E9C201C9761D800DCD6E7 /* smokEndTests.xctest */ = {isa = PBXFileReference; explicitFileType = wrapper.cfbundle; includeInIndex = 0; path = smokEndTests.xctest; sourceTree = BUILT_PRODUCTS_DIR; };
		8C1E9C251C9761D800DCD6E7 /* Info.plist */ = {isa = PBXFileReference; lastKnownFileType = text.plist.xml; path = Info.plist; sourceTree = "<group>"; };
		8C1E9C261C9761D800DCD6E7 /* smokEndTests.swift */ = {isa = PBXFileReference; lastKnownFileType = sourcecode.swift; path = smokEndTests.swift; sourceTree = "<group>"; };
		8C1E9C301C9777AD00DCD6E7 /* Main_iPhoneV2.storyboard */ = {isa = PBXFileReference; fileEncoding = 4; lastKnownFileType = file.storyboard; name = Main_iPhoneV2.storyboard; path = ../Main_iPhoneV2.storyboard; sourceTree = "<group>"; };
		8C26A6D01CA6DEF300CF120F /* AnalyticsViewController.swift */ = {isa = PBXFileReference; fileEncoding = 4; lastKnownFileType = sourcecode.swift; path = AnalyticsViewController.swift; sourceTree = "<group>"; };
		8C26A6D21CA6F65800CF120F /* PreferencesViewController.swift */ = {isa = PBXFileReference; fileEncoding = 4; lastKnownFileType = sourcecode.swift; path = PreferencesViewController.swift; sourceTree = "<group>"; };
		8CB910CC1CEB8BF9008E0557 /* SmokeEndModel.xcdatamodel */ = {isa = PBXFileReference; lastKnownFileType = wrapper.xcdatamodel; path = SmokeEndModel.xcdatamodel; sourceTree = "<group>"; };
		8CB910E81CEB987E008E0557 /* DatosBD+CoreDataProperties.swift */ = {isa = PBXFileReference; fileEncoding = 4; lastKnownFileType = sourcecode.swift; path = "DatosBD+CoreDataProperties.swift"; sourceTree = "<group>"; };
		8CB910E91CEB987E008E0557 /* DatosBD.swift */ = {isa = PBXFileReference; fileEncoding = 4; lastKnownFileType = sourcecode.swift; path = DatosBD.swift; sourceTree = "<group>"; };
/* End PBXFileReference section */

/* Begin PBXFrameworksBuildPhase section */
		8C1E9C081C9761D800DCD6E7 /* Frameworks */ = {
			isa = PBXFrameworksBuildPhase;
			buildActionMask = 2147483647;
			files = (
			);
			runOnlyForDeploymentPostprocessing = 0;
		};
		8C1E9C1D1C9761D800DCD6E7 /* Frameworks */ = {
			isa = PBXFrameworksBuildPhase;
			buildActionMask = 2147483647;
			files = (
			);
			runOnlyForDeploymentPostprocessing = 0;
		};
/* End PBXFrameworksBuildPhase section */

/* Begin PBXGroup section */
		8C1E9C021C9761D700DCD6E7 = {
			isa = PBXGroup;
			children = (
				8CB910E81CEB987E008E0557 /* DatosBD+CoreDataProperties.swift */,
				8CB910E91CEB987E008E0557 /* DatosBD.swift */,
				8C1E9C0D1C9761D800DCD6E7 /* smokEnd */,
				8C1E9C231C9761D800DCD6E7 /* smokEndTests */,
				8C1E9C0C1C9761D800DCD6E7 /* Products */,
			);
			sourceTree = "<group>";
		};
		8C1E9C0C1C9761D800DCD6E7 /* Products */ = {
			isa = PBXGroup;
			children = (
				8C1E9C0B1C9761D800DCD6E7 /* smokEnd.app */,
				8C1E9C201C9761D800DCD6E7 /* smokEndTests.xctest */,
			);
			name = Products;
			sourceTree = "<group>";
		};
		8C1E9C0D1C9761D800DCD6E7 /* smokEnd */ = {
			isa = PBXGroup;
			children = (
				8C1E9C301C9777AD00DCD6E7 /* Main_iPhoneV2.storyboard */,
				8C1E9C101C9761D800DCD6E7 /* AppDelegate.swift */,
				8C1E9C171C9761D800DCD6E7 /* Images.xcassets */,
				8C1E9C191C9761D800DCD6E7 /* LaunchScreen.xib */,
				8C1E9C0E1C9761D800DCD6E7 /* Supporting Files */,
				8C26A6D01CA6DEF300CF120F /* AnalyticsViewController.swift */,
				8C26A6D21CA6F65800CF120F /* PreferencesViewController.swift */,
				8CB910CB1CEB8BF9008E0557 /* SmokeEndModel.xcdatamodeld */,
			);
			path = smokEnd;
			sourceTree = "<group>";
		};
		8C1E9C0E1C9761D800DCD6E7 /* Supporting Files */ = {
			isa = PBXGroup;
			children = (
				8C1E9C0F1C9761D800DCD6E7 /* Info.plist */,
			);
			name = "Supporting Files";
			sourceTree = "<group>";
		};
		8C1E9C231C9761D800DCD6E7 /* smokEndTests */ = {
			isa = PBXGroup;
			children = (
				8C1E9C261C9761D800DCD6E7 /* smokEndTests.swift */,
				8C1E9C241C9761D800DCD6E7 /* Supporting Files */,
			);
			path = smokEndTests;
			sourceTree = "<group>";
		};
		8C1E9C241C9761D800DCD6E7 /* Supporting Files */ = {
			isa = PBXGroup;
			children = (
				8C1E9C251C9761D800DCD6E7 /* Info.plist */,
			);
			name = "Supporting Files";
			sourceTree = "<group>";
		};
/* End PBXGroup section */

/* Begin PBXNativeTarget section */
		8C1E9C0A1C9761D800DCD6E7 /* smokEnd */ = {
			isa = PBXNativeTarget;
			buildConfigurationList = 8C1E9C2A1C9761D800DCD6E7 /* Build configuration list for PBXNativeTarget "smokEnd" */;
			buildPhases = (
				8C1E9C071C9761D800DCD6E7 /* Sources */,
				8C1E9C081C9761D800DCD6E7 /* Frameworks */,
				8C1E9C091C9761D800DCD6E7 /* Resources */,
			);
			buildRules = (
			);
			dependencies = (
			);
			name = smokEnd;
			productName = smokEnd;
			productReference = 8C1E9C0B1C9761D800DCD6E7 /* smokEnd.app */;
			productType = "com.apple.product-type.application";
		};
		8C1E9C1F1C9761D800DCD6E7 /* smokEndTests */ = {
			isa = PBXNativeTarget;
			buildConfigurationList = 8C1E9C2D1C9761D800DCD6E7 /* Build configuration list for PBXNativeTarget "smokEndTests" */;
			buildPhases = (
				8C1E9C1C1C9761D800DCD6E7 /* Sources */,
				8C1E9C1D1C9761D800DCD6E7 /* Frameworks */,
				8C1E9C1E1C9761D800DCD6E7 /* Resources */,
			);
			buildRules = (
			);
			dependencies = (
				8C1E9C221C9761D800DCD6E7 /* PBXTargetDependency */,
			);
			name = smokEndTests;
			productName = smokEndTests;
			productReference = 8C1E9C201C9761D800DCD6E7 /* smokEndTests.xctest */;
			productType = "com.apple.product-type.bundle.unit-test";
		};
/* End PBXNativeTarget section */

/* Begin PBXProject section */
		8C1E9C031C9761D800DCD6E7 /* Project object */ = {
			isa = PBXProject;
			attributes = {
				KnownAssetTags = (
					picker,
				);
				LastSwiftUpdateCheck = 0720;
				LastUpgradeCheck = 0730;
				ORGANIZATIONNAME = "Aldo Kyoto";
				TargetAttributes = {
					8C1E9C0A1C9761D800DCD6E7 = {
						CreatedOnToolsVersion = 6.1;
					};
					8C1E9C1F1C9761D800DCD6E7 = {
						CreatedOnToolsVersion = 6.1;
						TestTargetID = 8C1E9C0A1C9761D800DCD6E7;
					};
				};
			};
			buildConfigurationList = 8C1E9C061C9761D800DCD6E7 /* Build configuration list for PBXProject "SmokeEndModel" */;
			compatibilityVersion = "Xcode 3.2";
			developmentRegion = English;
			hasScannedForEncodings = 0;
			knownRegions = (
				en,
				Base,
			);
			mainGroup = 8C1E9C021C9761D700DCD6E7;
			productRefGroup = 8C1E9C0C1C9761D800DCD6E7 /* Products */;
			projectDirPath = "";
			projectRoot = "";
			targets = (
				8C1E9C0A1C9761D800DCD6E7 /* smokEnd */,
				8C1E9C1F1C9761D800DCD6E7 /* smokEndTests */,
			);
		};
/* End PBXProject section */

/* Begin PBXResourcesBuildPhase section */
		8C1E9C091C9761D800DCD6E7 /* Resources */ = {
			isa = PBXResourcesBuildPhase;
			buildActionMask = 2147483647;
			files = (
				8C1E9C1B1C9761D800DCD6E7 /* LaunchScreen.xib in Resources */,
				8C1E9C311C9777AD00DCD6E7 /* Main_iPhoneV2.storyboard in Resources */,
				8C1E9C181C9761D800DCD6E7 /* Images.xcassets in Resources */,
			);
			runOnlyForDeploymentPostprocessing = 0;
		};
		8C1E9C1E1C9761D800DCD6E7 /* Resources */ = {
			isa = PBXResourcesBuildPhase;
			buildActionMask = 2147483647;
			files = (
			);
			runOnlyForDeploymentPostprocessing = 0;
		};
/* End PBXResourcesBuildPhase section */

/* Begin PBXSourcesBuildPhase section */
		8C1E9C071C9761D800DCD6E7 /* Sources */ = {
			isa = PBXSourcesBuildPhase;
			buildActionMask = 2147483647;
			files = (
				8CB910EA1CEB987E008E0557 /* DatosBD+CoreDataProperties.swift in Sources */,
				8C1E9C111C9761D800DCD6E7 /* AppDelegate.swift in Sources */,
				8CB910CD1CEB8BF9008E0557 /* SmokeEndModel.xcdatamodeld in Sources */,
				8C26A6D11CA6DEF300CF120F /* AnalyticsViewController.swift in Sources */,
				8C26A6D31CA6F65800CF120F /* PreferencesViewController.swift in Sources */,
				8CB910EB1CEB987E008E0557 /* DatosBD.swift in Sources */,
			);
			runOnlyForDeploymentPostprocessing = 0;
		};
		8C1E9C1C1C9761D800DCD6E7 /* Sources */ = {
			isa = PBXSourcesBuildPhase;
			buildActionMask = 2147483647;
			files = (
				8C1E9C271C9761D800DCD6E7 /* smokEndTests.swift in Sources */,
			);
			runOnlyForDeploymentPostprocessing = 0;
		};
/* End PBXSourcesBuildPhase section */

/* Begin PBXTargetDependency section */
		8C1E9C221C9761D800DCD6E7 /* PBXTargetDependency */ = {
			isa = PBXTargetDependency;
			target = 8C1E9C0A1C9761D800DCD6E7 /* smokEnd */;
			targetProxy = 8C1E9C211C9761D800DCD6E7 /* PBXContainerItemProxy */;
		};
/* End PBXTargetDependency section */

/* Begin PBXVariantGroup section */
		8C1E9C191C9761D800DCD6E7 /* LaunchScreen.xib */ = {
			isa = PBXVariantGroup;
			children = (
				8C1E9C1A1C9761D800DCD6E7 /* Base */,
			);
			name = LaunchScreen.xib;
			sourceTree = "<group>";
		};
/* End PBXVariantGroup section */

/* Begin XCBuildConfiguration section */
		8C1E9C281C9761D800DCD6E7 /* Debug */ = {
			isa = XCBuildConfiguration;
			buildSettings = {
				ALWAYS_SEARCH_USER_PATHS = NO;
				CLANG_CXX_LANGUAGE_STANDARD = "gnu++0x";
				CLANG_CXX_LIBRARY = "libc++";
				CLANG_ENABLE_MODULES = YES;
				CLANG_ENABLE_OBJC_ARC = YES;
				CLANG_WARN_BOOL_CONVERSION = YES;
				CLANG_WARN_CONSTANT_CONVERSION = YES;
				CLANG_WARN_DIRECT_OBJC_ISA_USAGE = YES_ERROR;
				CLANG_WARN_EMPTY_BODY = YES;
				CLANG_WARN_ENUM_CONVERSION = YES;
				CLANG_WARN_INT_CONVERSION = YES;
				CLANG_WARN_OBJC_ROOT_CLASS = YES_ERROR;
				CLANG_WARN_UNREACHABLE_CODE = YES;
				CLANG_WARN__DUPLICATE_METHOD_MATCH = YES;
				"CODE_SIGN_IDENTITY[sdk=iphoneos*]" = "iPhone Developer";
				COPY_PHASE_STRIP = NO;
				ENABLE_STRICT_OBJC_MSGSEND = YES;
				ENABLE_TESTABILITY = YES;
				GCC_C_LANGUAGE_STANDARD = gnu99;
				GCC_DYNAMIC_NO_PIC = NO;
				GCC_OPTIMIZATION_LEVEL = 0;
				GCC_PREPROCESSOR_DEFINITIONS = (
					"DEBUG=1",
					"$(inherited)",
				);
				GCC_SYMBOLS_PRIVATE_EXTERN = NO;
				GCC_WARN_64_TO_32_BIT_CONVERSION = YES;
				GCC_WARN_ABOUT_RETURN_TYPE = YES_ERROR;
				GCC_WARN_UNDECLARED_SELECTOR = YES;
				GCC_WARN_UNINITIALIZED_AUTOS = YES_AGGRESSIVE;
				GCC_WARN_UNUSED_FUNCTION = YES;
				GCC_WARN_UNUSED_VARIABLE = YES;
				IPHONEOS_DEPLOYMENT_TARGET = 9.3;
				MTL_ENABLE_DEBUG_INFO = YES;
				ONLY_ACTIVE_ARCH = YES;
				SDKROOT = iphoneos;
				SWIFT_OPTIMIZATION_LEVEL = "-Onone";
			};
			name = Debug;
		};
		8C1E9C291C9761D800DCD6E7 /* Release */ = {
			isa = XCBuildConfiguration;
			buildSettings = {
				ALWAYS_SEARCH_USER_PATHS = NO;
				CLANG_CXX_LANGUAGE_STANDARD = "gnu++0x";
				CLANG_CXX_LIBRARY = "libc++";
				CLANG_ENABLE_MODULES = YES;
				CLANG_ENABLE_OBJC_ARC = YES;
				CLANG_WARN_BOOL_CONVERSION = YES;
				CLANG_WARN_CONSTANT_CONVERSION = YES;
				CLANG_WARN_DIRECT_OBJC_ISA_USAGE = YES_ERROR;
				CLANG_WARN_EMPTY_BODY = YES;
				CLANG_WARN_ENUM_CONVERSION = YES;
				CLANG_WARN_INT_CONVERSION = YES;
				CLANG_WARN_OBJC_ROOT_CLASS = YES_ERROR;
				CLANG_WARN_UNREACHABLE_CODE = YES;
				CLANG_WARN__DUPLICATE_METHOD_MATCH = YES;
				"CODE_SIGN_IDENTITY[sdk=iphoneos*]" = "iPhone Developer";
				COPY_PHASE_STRIP = YES;
				ENABLE_NS_ASSERTIONS = NO;
				ENABLE_STRICT_OBJC_MSGSEND = YES;
				GCC_C_LANGUAGE_STANDARD = gnu99;
				GCC_WARN_64_TO_32_BIT_CONVERSION = YES;
				GCC_WARN_ABOUT_RETURN_TYPE = YES_ERROR;
				GCC_WARN_UNDECLARED_SELECTOR = YES;
				GCC_WARN_UNINITIALIZED_AUTOS = YES_AGGRESSIVE;
				GCC_WARN_UNUSED_FUNCTION = YES;
				GCC_WARN_UNUSED_VARIABLE = YES;
				IPHONEOS_DEPLOYMENT_TARGET = 9.3;
				MTL_ENABLE_DEBUG_INFO = NO;
				SDKROOT = iphoneos;
				VALIDATE_PRODUCT = YES;
			};
			name = Release;
		};
		8C1E9C2B1C9761D800DCD6E7 /* Debug */ = {
			isa = XCBuildConfiguration;
			buildSettings = {
				ASSETCATALOG_COMPILER_APPICON_NAME = AppIcon;
				INFOPLIST_FILE = smokEnd/Info.plist;
				LD_RUNPATH_SEARCH_PATHS = "$(inherited) @executable_path/Frameworks";
				PRODUCT_BUNDLE_IDENTIFIER = "Kyubi-Entertainment.$(PRODUCT_NAME:rfc1034identifier)";
				PRODUCT_NAME = "$(TARGET_NAME)";
			};
			name = Debug;
		};
		8C1E9C2C1C9761D800DCD6E7 /* Release */ = {
			isa = XCBuildConfiguration;
			buildSettings = {
				ASSETCATALOG_COMPILER_APPICON_NAME = AppIcon;
				INFOPLIST_FILE = smokEnd/Info.plist;
				LD_RUNPATH_SEARCH_PATHS = "$(inherited) @executable_path/Frameworks";
				PRODUCT_BUNDLE_IDENTIFIER = "Kyubi-Entertainment.$(PRODUCT_NAME:rfc1034identifier)";
				PRODUCT_NAME = "$(TARGET_NAME)";
			};
			name = Release;
		};
		8C1E9C2E1C9761D800DCD6E7 /* Debug */ = {
			isa = XCBuildConfiguration;
			buildSettings = {
				BUNDLE_LOADER = "$(TEST_HOST)";
				FRAMEWORK_SEARCH_PATHS = (
					"$(SDKROOT)/Developer/Library/Frameworks",
					"$(inherited)",
				);
				GCC_PREPROCESSOR_DEFINITIONS = (
					"DEBUG=1",
					"$(inherited)",
				);
				INFOPLIST_FILE = smokEndTests/Info.plist;
				LD_RUNPATH_SEARCH_PATHS = "$(inherited) @executable_path/Frameworks @loader_path/Frameworks";
				PRODUCT_BUNDLE_IDENTIFIER = "Kyubi-Entertainment.$(PRODUCT_NAME:rfc1034identifier)";
				PRODUCT_NAME = "$(TARGET_NAME)";
				TEST_HOST = "$(BUILT_PRODUCTS_DIR)/smokEnd.app/smokEnd";
			};
			name = Debug;
		};
		8C1E9C2F1C9761D800DCD6E7 /* Release */ = {
			isa = XCBuildConfiguration;
			buildSettings = {
				BUNDLE_LOADER = "$(TEST_HOST)";
				FRAMEWORK_SEARCH_PATHS = (
					"$(SDKROOT)/Developer/Library/Frameworks",
					"$(inherited)",
				);
				INFOPLIST_FILE = smokEndTests/Info.plist;
				LD_RUNPATH_SEARCH_PATHS = "$(inherited) @executable_path/Frameworks @loader_path/Frameworks";
				PRODUCT_BUNDLE_IDENTIFIER = "Kyubi-Entertainment.$(PRODUCT_NAME:rfc1034identifier)";
				PRODUCT_NAME = "$(TARGET_NAME)";
				TEST_HOST = "$(BUILT_PRODUCTS_DIR)/smokEnd.app/smokEnd";
			};
			name = Release;
		};
/* End XCBuildConfiguration section */

/* Begin XCConfigurationList section */
		8C1E9C061C9761D800DCD6E7 /* Build configuration list for PBXProject "SmokeEndModel" */ = {
			isa = XCConfigurationList;
			buildConfigurations = (
				8C1E9C281C9761D800DCD6E7 /* Debug */,
				8C1E9C291C9761D800DCD6E7 /* Release */,
			);
			defaultConfigurationIsVisible = 0;
			defaultConfigurationName = Release;
		};
		8C1E9C2A1C9761D800DCD6E7 /* Build configuration list for PBXNativeTarget "smokEnd" */ = {
			isa = XCConfigurationList;
			buildConfigurations = (
				8C1E9C2B1C9761D800DCD6E7 /* Debug */,
				8C1E9C2C1C9761D800DCD6E7 /* Release */,
			);
			defaultConfigurationIsVisible = 0;
			defaultConfigurationName = Release;
		};
		8C1E9C2D1C9761D800DCD6E7 /* Build configuration list for PBXNativeTarget "smokEndTests" */ = {
			isa = XCConfigurationList;
			buildConfigurations = (
				8C1E9C2E1C9761D800DCD6E7 /* Debug */,
				8C1E9C2F1C9761D800DCD6E7 /* Release */,
			);
			defaultConfigurationIsVisible = 0;
			defaultConfigurationName = Release;
		};
/* End XCConfigurationList section */

/* Begin XCVersionGroup section */
		8CB910CB1CEB8BF9008E0557 /* SmokeEndModel.xcdatamodeld */ = {
			isa = XCVersionGroup;
			children = (
				8CB910CC1CEB8BF9008E0557 /* SmokeEndModel.xcdatamodel */,
			);
			currentVersion = 8CB910CC1CEB8BF9008E0557 /* SmokeEndModel.xcdatamodel */;
			path = SmokeEndModel.xcdatamodeld;
			sourceTree = "<group>";
			versionGroupType = wrapper.xcdatamodel;
		};
/* End XCVersionGroup section */
	};
	rootObject = 8C1E9C031C9761D800DCD6E7 /* Project object */;
}
